
Microsoft Visual Studio Solution File, Format Version 12.00
# Visual Studio Version 16
VisualStudioVersion = 16.0.31605.320
MinimumVisualStudioVersion = 10.0.40219.1
Project("{FAE04EC0-301F-11D3-BF4B-00C04F79EFBC}") = "oopt1", "oopt1.csproj", "{C231FCE4-F5D7-47F4-B57D-737ADC30AC1B}"
EndProject
Global
	GlobalSection(SolutionConfigurationPlatforms) = preSolution
		Debug|Any CPU = Debug|Any CPU
		Release|Any CPU = Release|Any CPU
	EndGlobalSection
	GlobalSection(ProjectConfigurationPlatforms) = postSolution
		{C231FCE4-F5D7-47F4-B57D-737ADC30AC1B}.Debug|Any CPU.ActiveCfg = Debug|Any CPU
		{C231FCE4-F5D7-47F4-B57D-737ADC30AC1B}.Debug|Any CPU.Build.0 = Debug|Any CPU
		{C231FCE4-F5D7-47F4-B57D-737ADC30AC1B}.Release|Any CPU.ActiveCfg = Release|Any CPU
		{C231FCE4-F5D7-47F4-B57D-737ADC30AC1B}.Release|Any CPU.Build.0 = Release|Any CPU
	EndGlobalSection
	GlobalSection(SolutionProperties) = preSolution
		HideSolutionNode = FALSE
	EndGlobalSection
	GlobalSection(ExtensibilityGlobals) = postSolution
		SolutionGuid = {2C401FAF-7634-4E26-BAD7-ACB1D0A5EA43}
	EndGlobalSection
EndGlobal
